
Microsoft Visual Studio Solution File, Format Version 12.00
# Visual Studio Version 17
VisualStudioVersion = 17.8.34309.116
MinimumVisualStudioVersion = 10.0.40219.1
Project("{9A19103F-16F7-4668-BE54-9A1E7A4F7556}") = "RecipeFinder", "RecipeFinder\RecipeFinder.csproj", "{B40F5E07-CB7C-4C1F-9566-B49FEE988C62}"
	ProjectSection(ProjectDependencies) = postProject
		{F8CC0D1E-CBA6-4266-BC09-CA676E1400EB} = {F8CC0D1E-CBA6-4266-BC09-CA676E1400EB}
	EndProjectSection
EndProject
Project("{9A19103F-16F7-4668-BE54-9A1E7A4F7556}") = "RecipeFinder.Core", "RecipeFinder.Core\RecipeFinder.Core.csproj", "{F8CC0D1E-CBA6-4266-BC09-CA676E1400EB}"
EndProject
Project("{9A19103F-16F7-4668-BE54-9A1E7A4F7556}") = "RecipeFinder.Infrastructure", "RecipeFinder.Infrastructure\RecipeFinder.Infrastructure.csproj", "{DAC186C6-6404-4CB2-927A-D46D61249E9D}"
EndProject
Project("{FAE04EC0-301F-11D3-BF4B-00C04F79EFBC}") = "RecipeFinder.Tests", "RecipeFinder.Tests\RecipeFinder.Tests.csproj", "{3FFA3DB4-19EC-46B6-A8DC-7C7C36C832BB}"
EndProject
Global
	GlobalSection(SolutionConfigurationPlatforms) = preSolution
		Debug|Any CPU = Debug|Any CPU
		Release|Any CPU = Release|Any CPU
	EndGlobalSection
	GlobalSection(ProjectConfigurationPlatforms) = postSolution
		{B40F5E07-CB7C-4C1F-9566-B49FEE988C62}.Debug|Any CPU.ActiveCfg = Debug|Any CPU
		{B40F5E07-CB7C-4C1F-9566-B49FEE988C62}.Debug|Any CPU.Build.0 = Debug|Any CPU
		{B40F5E07-CB7C-4C1F-9566-B49FEE988C62}.Release|Any CPU.ActiveCfg = Release|Any CPU
		{B40F5E07-CB7C-4C1F-9566-B49FEE988C62}.Release|Any CPU.Build.0 = Release|Any CPU
		{F8CC0D1E-CBA6-4266-BC09-CA676E1400EB}.Debug|Any CPU.ActiveCfg = Debug|Any CPU
		{F8CC0D1E-CBA6-4266-BC09-CA676E1400EB}.Debug|Any CPU.Build.0 = Debug|Any CPU
		{F8CC0D1E-CBA6-4266-BC09-CA676E1400EB}.Release|Any CPU.ActiveCfg = Release|Any CPU
		{F8CC0D1E-CBA6-4266-BC09-CA676E1400EB}.Release|Any CPU.Build.0 = Release|Any CPU
		{DAC186C6-6404-4CB2-927A-D46D61249E9D}.Debug|Any CPU.ActiveCfg = Debug|Any CPU
		{DAC186C6-6404-4CB2-927A-D46D61249E9D}.Debug|Any CPU.Build.0 = Debug|Any CPU
		{DAC186C6-6404-4CB2-927A-D46D61249E9D}.Release|Any CPU.ActiveCfg = Release|Any CPU
		{DAC186C6-6404-4CB2-927A-D46D61249E9D}.Release|Any CPU.Build.0 = Release|Any CPU
		{3FFA3DB4-19EC-46B6-A8DC-7C7C36C832BB}.Debug|Any CPU.ActiveCfg = Debug|Any CPU
		{3FFA3DB4-19EC-46B6-A8DC-7C7C36C832BB}.Debug|Any CPU.Build.0 = Debug|Any CPU
		{3FFA3DB4-19EC-46B6-A8DC-7C7C36C832BB}.Release|Any CPU.ActiveCfg = Release|Any CPU
		{3FFA3DB4-19EC-46B6-A8DC-7C7C36C832BB}.Release|Any CPU.Build.0 = Release|Any CPU
	EndGlobalSection
	GlobalSection(SolutionProperties) = preSolution
		HideSolutionNode = FALSE
	EndGlobalSection
	GlobalSection(ExtensibilityGlobals) = postSolution
		SolutionGuid = {D34E0CEF-20E8-4679-8751-BCBF341BFE97}
	EndGlobalSection
EndGlobal
